
Microsoft Visual Studio Solution File, Format Version 12.00
# Visual Studio Version 17
VisualStudioVersion = 17.9.34701.34
MinimumVisualStudioVersion = 10.0.40219.1
Project("{9A19103F-16F7-4668-BE54-9A1E7A4F7556}") = "LearningDapper", "AprendendoDapper\LearningDapper.csproj", "{BE2BFF15-50F3-4E65-B2B8-AD0B4FA23268}"
EndProject
Global
	GlobalSection(SolutionConfigurationPlatforms) = preSolution
		Debug|Any CPU = Debug|Any CPU
		Release|Any CPU = Release|Any CPU
	EndGlobalSection
	GlobalSection(ProjectConfigurationPlatforms) = postSolution
		{BE2BFF15-50F3-4E65-B2B8-AD0B4FA23268}.Debug|Any CPU.ActiveCfg = Debug|Any CPU
		{BE2BFF15-50F3-4E65-B2B8-AD0B4FA23268}.Debug|Any CPU.Build.0 = Debug|Any CPU
		{BE2BFF15-50F3-4E65-B2B8-AD0B4FA23268}.Release|Any CPU.ActiveCfg = Release|Any CPU
		{BE2BFF15-50F3-4E65-B2B8-AD0B4FA23268}.Release|Any CPU.Build.0 = Release|Any CPU
	EndGlobalSection
	GlobalSection(SolutionProperties) = preSolution
		HideSolutionNode = FALSE
	EndGlobalSection
	GlobalSection(ExtensibilityGlobals) = postSolution
		SolutionGuid = {516D7E2E-5468-4250-8BA2-1C4E8FC14C08}
	EndGlobalSection
EndGlobal
